// !$*UTF8*$!
{
	archiveVersion = 1;
	classes = {
	};
	objectVersion = 50;
	objects = {

/* Begin PBXBuildFile section */
		B597383325FE958700367598 /* Elements.swift in Sources */ = {isa = PBXBuildFile; fileRef = B597383225FE958700367598 /* Elements.swift */; };
		B597383825FE9D5000367598 /* Card.swift in Sources */ = {isa = PBXBuildFile; fileRef = B597383725FE9D5000367598 /* Card.swift */; };
		B597383F25FE9E6D00367598 /* Cards.swift in Sources */ = {isa = PBXBuildFile; fileRef = B597383E25FE9E6D00367598 /* Cards.swift */; };
		B597384325FEA93000367598 /* Deck.swift in Sources */ = {isa = PBXBuildFile; fileRef = B597384225FEA93000367598 /* Deck.swift */; };
		B59A44AF25FE934200857EB5 /* Forge.framework in Frameworks */ = {isa = PBXBuildFile; fileRef = B59A44A525FE934100857EB5 /* Forge.framework */; };
		B59A44B425FE934200857EB5 /* ForgeTests.swift in Sources */ = {isa = PBXBuildFile; fileRef = B59A44B325FE934200857EB5 /* ForgeTests.swift */; };
		B59A44B625FE934200857EB5 /* Forge.h in Headers */ = {isa = PBXBuildFile; fileRef = B59A44A825FE934200857EB5 /* Forge.h */; settings = {ATTRIBUTES = (Public, ); }; };
/* End PBXBuildFile section */

/* Begin PBXContainerItemProxy section */
		B59A44B025FE934200857EB5 /* PBXContainerItemProxy */ = {
			isa = PBXContainerItemProxy;
			containerPortal = B59A449C25FE934100857EB5 /* Project object */;
			proxyType = 1;
			remoteGlobalIDString = B59A44A425FE934100857EB5;
			remoteInfo = Forge;
		};
/* End PBXContainerItemProxy section */

/* Begin PBXFileReference section */
		B597383225FE958700367598 /* Elements.swift */ = {isa = PBXFileReference; lastKnownFileType = sourcecode.swift; path = Elements.swift; sourceTree = "<group>"; };
		B597383725FE9D5000367598 /* Card.swift */ = {isa = PBXFileReference; lastKnownFileType = sourcecode.swift; path = Card.swift; sourceTree = "<group>"; };
		B597383E25FE9E6D00367598 /* Cards.swift */ = {isa = PBXFileReference; lastKnownFileType = sourcecode.swift; path = Cards.swift; sourceTree = "<group>"; };
		B597384225FEA93000367598 /* Deck.swift */ = {isa = PBXFileReference; lastKnownFileType = sourcecode.swift; path = Deck.swift; sourceTree = "<group>"; };
		B59A44A525FE934100857EB5 /* Forge.framework */ = {isa = PBXFileReference; explicitFileType = wrapper.framework; includeInIndex = 0; path = Forge.framework; sourceTree = BUILT_PRODUCTS_DIR; };
		B59A44A825FE934200857EB5 /* Forge.h */ = {isa = PBXFileReference; lastKnownFileType = sourcecode.c.h; path = Forge.h; sourceTree = "<group>"; };
		B59A44A925FE934200857EB5 /* Info.plist */ = {isa = PBXFileReference; lastKnownFileType = text.plist.xml; path = Info.plist; sourceTree = "<group>"; };
		B59A44AE25FE934200857EB5 /* ForgeTests.xctest */ = {isa = PBXFileReference; explicitFileType = wrapper.cfbundle; includeInIndex = 0; path = ForgeTests.xctest; sourceTree = BUILT_PRODUCTS_DIR; };
		B59A44B325FE934200857EB5 /* ForgeTests.swift */ = {isa = PBXFileReference; lastKnownFileType = sourcecode.swift; path = ForgeTests.swift; sourceTree = "<group>"; };
		B59A44B525FE934200857EB5 /* Info.plist */ = {isa = PBXFileReference; lastKnownFileType = text.plist.xml; path = Info.plist; sourceTree = "<group>"; };
/* End PBXFileReference section */

/* Begin PBXFrameworksBuildPhase section */
		B59A44A225FE934100857EB5 /* Frameworks */ = {
			isa = PBXFrameworksBuildPhase;
			buildActionMask = 2147483647;
			files = (
			);
			runOnlyForDeploymentPostprocessing = 0;
		};
		B59A44AB25FE934200857EB5 /* Frameworks */ = {
			isa = PBXFrameworksBuildPhase;
			buildActionMask = 2147483647;
			files = (
				B59A44AF25FE934200857EB5 /* Forge.framework in Frameworks */,
			);
			runOnlyForDeploymentPostprocessing = 0;
		};
/* End PBXFrameworksBuildPhase section */

/* Begin PBXGroup section */
		B597383625FE9CF300367598 /* Card */ = {
			isa = PBXGroup;
			children = (
				B597383725FE9D5000367598 /* Card.swift */,
			);
			path = Card;
			sourceTree = "<group>";
		};
		B597383D25FE9E5A00367598 /* Cards */ = {
			isa = PBXGroup;
			children = (
				B597383E25FE9E6D00367598 /* Cards.swift */,
				B597384225FEA93000367598 /* Deck.swift */,
			);
			path = Cards;
			sourceTree = "<group>";
		};
		B59A449B25FE934100857EB5 = {
			isa = PBXGroup;
			children = (
				B59A44A725FE934100857EB5 /* Forge */,
				B59A44B225FE934200857EB5 /* ForgeTests */,
				B59A44A625FE934100857EB5 /* Products */,
			);
			sourceTree = "<group>";
		};
		B59A44A625FE934100857EB5 /* Products */ = {
			isa = PBXGroup;
			children = (
				B59A44A525FE934100857EB5 /* Forge.framework */,
				B59A44AE25FE934200857EB5 /* ForgeTests.xctest */,
			);
			name = Products;
			sourceTree = "<group>";
		};
		B59A44A725FE934100857EB5 /* Forge */ = {
			isa = PBXGroup;
			children = (
				B597383225FE958700367598 /* Elements.swift */,
				B597383D25FE9E5A00367598 /* Cards */,
				B597383625FE9CF300367598 /* Card */,
				B59A44A825FE934200857EB5 /* Forge.h */,
				B59A44A925FE934200857EB5 /* Info.plist */,
			);
			path = Forge;
			sourceTree = "<group>";
		};
		B59A44B225FE934200857EB5 /* ForgeTests */ = {
			isa = PBXGroup;
			children = (
				B59A44B325FE934200857EB5 /* ForgeTests.swift */,
				B59A44B525FE934200857EB5 /* Info.plist */,
			);
			path = ForgeTests;
			sourceTree = "<group>";
		};
/* End PBXGroup section */

/* Begin PBXHeadersBuildPhase section */
		B59A44A025FE934100857EB5 /* Headers */ = {
			isa = PBXHeadersBuildPhase;
			buildActionMask = 2147483647;
			files = (
				B59A44B625FE934200857EB5 /* Forge.h in Headers */,
			);
			runOnlyForDeploymentPostprocessing = 0;
		};
/* End PBXHeadersBuildPhase section */

/* Begin PBXNativeTarget section */
		B59A44A425FE934100857EB5 /* Forge */ = {
			isa = PBXNativeTarget;
			buildConfigurationList = B59A44B925FE934200857EB5 /* Build configuration list for PBXNativeTarget "Forge" */;
			buildPhases = (
				B59A44A025FE934100857EB5 /* Headers */,
				B59A44A125FE934100857EB5 /* Sources */,
				B59A44A225FE934100857EB5 /* Frameworks */,
				B59A44A325FE934100857EB5 /* Resources */,
			);
			buildRules = (
			);
			dependencies = (
			);
			name = Forge;
			productName = Forge;
			productReference = B59A44A525FE934100857EB5 /* Forge.framework */;
			productType = "com.apple.product-type.framework";
		};
		B59A44AD25FE934200857EB5 /* ForgeTests */ = {
			isa = PBXNativeTarget;
			buildConfigurationList = B59A44BC25FE934200857EB5 /* Build configuration list for PBXNativeTarget "ForgeTests" */;
			buildPhases = (
				B59A44AA25FE934200857EB5 /* Sources */,
				B59A44AB25FE934200857EB5 /* Frameworks */,
				B59A44AC25FE934200857EB5 /* Resources */,
			);
			buildRules = (
			);
			dependencies = (
				B59A44B125FE934200857EB5 /* PBXTargetDependency */,
			);
			name = ForgeTests;
			productName = ForgeTests;
			productReference = B59A44AE25FE934200857EB5 /* ForgeTests.xctest */;
			productType = "com.apple.product-type.bundle.unit-test";
		};
/* End PBXNativeTarget section */

/* Begin PBXProject section */
		B59A449C25FE934100857EB5 /* Project object */ = {
			isa = PBXProject;
			attributes = {
				LastSwiftUpdateCheck = 1240;
				LastUpgradeCheck = 1240;
				TargetAttributes = {
					B59A44A425FE934100857EB5 = {
						CreatedOnToolsVersion = 12.4;
						LastSwiftMigration = 1240;
					};
					B59A44AD25FE934200857EB5 = {
						CreatedOnToolsVersion = 12.4;
					};
				};
			};
			buildConfigurationList = B59A449F25FE934100857EB5 /* Build configuration list for PBXProject "Forge" */;
			compatibilityVersion = "Xcode 9.3";
			developmentRegion = en;
			hasScannedForEncodings = 0;
			knownRegions = (
				en,
				Base,
			);
			mainGroup = B59A449B25FE934100857EB5;
			productRefGroup = B59A44A625FE934100857EB5 /* Products */;
			projectDirPath = "";
			projectRoot = "";
			targets = (
				B59A44A425FE934100857EB5 /* Forge */,
				B59A44AD25FE934200857EB5 /* ForgeTests */,
			);
		};
/* End PBXProject section */

/* Begin PBXResourcesBuildPhase section */
		B59A44A325FE934100857EB5 /* Resources */ = {
			isa = PBXResourcesBuildPhase;
			buildActionMask = 2147483647;
			files = (
			);
			runOnlyForDeploymentPostprocessing = 0;
		};
		B59A44AC25FE934200857EB5 /* Resources */ = {
			isa = PBXResourcesBuildPhase;
			buildActionMask = 2147483647;
			files = (
			);
			runOnlyForDeploymentPostprocessing = 0;
		};
/* End PBXResourcesBuildPhase section */

/* Begin PBXSourcesBuildPhase section */
		B59A44A125FE934100857EB5 /* Sources */ = {
			isa = PBXSourcesBuildPhase;
			buildActionMask = 2147483647;
			files = (
				B597384325FEA93000367598 /* Deck.swift in Sources */,
				B597383F25FE9E6D00367598 /* Cards.swift in Sources */,
				B597383325FE958700367598 /* Elements.swift in Sources */,
				B597383825FE9D5000367598 /* Card.swift in Sources */,
			);
			runOnlyForDeploymentPostprocessing = 0;
		};
		B59A44AA25FE934200857EB5 /* Sources */ = {
			isa = PBXSourcesBuildPhase;
			buildActionMask = 2147483647;
			files = (
				B59A44B425FE934200857EB5 /* ForgeTests.swift in Sources */,
			);
			runOnlyForDeploymentPostprocessing = 0;
		};
/* End PBXSourcesBuildPhase section */

/* Begin PBXTargetDependency section */
		B59A44B125FE934200857EB5 /* PBXTargetDependency */ = {
			isa = PBXTargetDependency;
			target = B59A44A425FE934100857EB5 /* Forge */;
			targetProxy = B59A44B025FE934200857EB5 /* PBXContainerItemProxy */;
		};
/* End PBXTargetDependency section */

/* Begin XCBuildConfiguration section */
		B59A44B725FE934200857EB5 /* Debug */ = {
			isa = XCBuildConfiguration;
			buildSettings = {
				ALWAYS_SEARCH_USER_PATHS = NO;
				CLANG_ANALYZER_NONNULL = YES;
				CLANG_ANALYZER_NUMBER_OBJECT_CONVERSION = YES_AGGRESSIVE;
				CLANG_CXX_LANGUAGE_STANDARD = "gnu++14";
				CLANG_CXX_LIBRARY = "libc++";
				CLANG_ENABLE_MODULES = YES;
				CLANG_ENABLE_OBJC_ARC = YES;
				CLANG_ENABLE_OBJC_WEAK = YES;
				CLANG_WARN_BLOCK_CAPTURE_AUTORELEASING = YES;
				CLANG_WARN_BOOL_CONVERSION = YES;
				CLANG_WARN_COMMA = YES;
				CLANG_WARN_CONSTANT_CONVERSION = YES;
				CLANG_WARN_DEPRECATED_OBJC_IMPLEMENTATIONS = YES;
				CLANG_WARN_DIRECT_OBJC_ISA_USAGE = YES_ERROR;
				CLANG_WARN_DOCUMENTATION_COMMENTS = YES;
				CLANG_WARN_EMPTY_BODY = YES;
				CLANG_WARN_ENUM_CONVERSION = YES;
				CLANG_WARN_INFINITE_RECURSION = YES;
				CLANG_WARN_INT_CONVERSION = YES;
				CLANG_WARN_NON_LITERAL_NULL_CONVERSION = YES;
				CLANG_WARN_OBJC_IMPLICIT_RETAIN_SELF = YES;
				CLANG_WARN_OBJC_LITERAL_CONVERSION = YES;
				CLANG_WARN_OBJC_ROOT_CLASS = YES_ERROR;
				CLANG_WARN_QUOTED_INCLUDE_IN_FRAMEWORK_HEADER = YES;
				CLANG_WARN_RANGE_LOOP_ANALYSIS = YES;
				CLANG_WARN_STRICT_PROTOTYPES = YES;
				CLANG_WARN_SUSPICIOUS_MOVE = YES;
				CLANG_WARN_UNGUARDED_AVAILABILITY = YES_AGGRESSIVE;
				CLANG_WARN_UNREACHABLE_CODE = YES;
				CLANG_WARN__DUPLICATE_METHOD_MATCH = YES;
				COPY_PHASE_STRIP = NO;
				CURRENT_PROJECT_VERSION = 1;
				DEBUG_INFORMATION_FORMAT = dwarf;
				ENABLE_STRICT_OBJC_MSGSEND = YES;
				ENABLE_TESTABILITY = YES;
				GCC_C_LANGUAGE_STANDARD = gnu11;
				GCC_DYNAMIC_NO_PIC = NO;
				GCC_NO_COMMON_BLOCKS = YES;
				GCC_OPTIMIZATION_LEVEL = 0;
				GCC_PREPROCESSOR_DEFINITIONS = (
					"DEBUG=1",
					"$(inherited)",
				);
				GCC_WARN_64_TO_32_BIT_CONVERSION = YES;
				GCC_WARN_ABOUT_RETURN_TYPE = YES_ERROR;
				GCC_WARN_UNDECLARED_SELECTOR = YES;
				GCC_WARN_UNINITIALIZED_AUTOS = YES_AGGRESSIVE;
				GCC_WARN_UNUSED_FUNCTION = YES;
				GCC_WARN_UNUSED_VARIABLE = YES;
				IPHONEOS_DEPLOYMENT_TARGET = 14.4;
				MTL_ENABLE_DEBUG_INFO = INCLUDE_SOURCE;
				MTL_FAST_MATH = YES;
				ONLY_ACTIVE_ARCH = YES;
				SDKROOT = iphoneos;
				SWIFT_ACTIVE_COMPILATION_CONDITIONS = DEBUG;
				SWIFT_OPTIMIZATION_LEVEL = "-Onone";
				VERSIONING_SYSTEM = "apple-generic";
				VERSION_INFO_PREFIX = "";
			};
			name = Debug;
		};
		B59A44B825FE934200857EB5 /* Release */ = {
			isa = XCBuildConfiguration;
			buildSettings = {
				ALWAYS_SEARCH_USER_PATHS = NO;
				CLANG_ANALYZER_NONNULL = YES;
				CLANG_ANALYZER_NUMBER_OBJECT_CONVERSION = YES_AGGRESSIVE;
				CLANG_CXX_LANGUAGE_STANDARD = "gnu++14";
				CLANG_CXX_LIBRARY = "libc++";
				CLANG_ENABLE_MODULES = YES;
				CLANG_ENABLE_OBJC_ARC = YES;
				CLANG_ENABLE_OBJC_WEAK = YES;
				CLANG_WARN_BLOCK_CAPTURE_AUTORELEASING = YES;
				CLANG_WARN_BOOL_CONVERSION = YES;
				CLANG_WARN_COMMA = YES;
				CLANG_WARN_CONSTANT_CONVERSION = YES;
				CLANG_WARN_DEPRECATED_OBJC_IMPLEMENTATIONS = YES;
				CLANG_WARN_DIRECT_OBJC_ISA_USAGE = YES_ERROR;
				CLANG_WARN_DOCUMENTATION_COMMENTS = YES;
				CLANG_WARN_EMPTY_BODY = YES;
				CLANG_WARN_ENUM_CONVERSION = YES;
				CLANG_WARN_INFINITE_RECURSION = YES;
				CLANG_WARN_INT_CONVERSION = YES;
				CLANG_WARN_NON_LITERAL_NULL_CONVERSION = YES;
				CLANG_WARN_OBJC_IMPLICIT_RETAIN_SELF = YES;
				CLANG_WARN_OBJC_LITERAL_CONVERSION = YES;
				CLANG_WARN_OBJC_ROOT_CLASS = YES_ERROR;
				CLANG_WARN_QUOTED_INCLUDE_IN_FRAMEWORK_HEADER = YES;
				CLANG_WARN_RANGE_LOOP_ANALYSIS = YES;
				CLANG_WARN_STRICT_PROTOTYPES = YES;
				CLANG_WARN_SUSPICIOUS_MOVE = YES;
				CLANG_WARN_UNGUARDED_AVAILABILITY = YES_AGGRESSIVE;
				CLANG_WARN_UNREACHABLE_CODE = YES;
				CLANG_WARN__DUPLICATE_METHOD_MATCH = YES;
				COPY_PHASE_STRIP = NO;
				CURRENT_PROJECT_VERSION = 1;
				DEBUG_INFORMATION_FORMAT = "dwarf-with-dsym";
				ENABLE_NS_ASSERTIONS = NO;
				ENABLE_STRICT_OBJC_MSGSEND = YES;
				GCC_C_LANGUAGE_STANDARD = gnu11;
				GCC_NO_COMMON_BLOCKS = YES;
				GCC_WARN_64_TO_32_BIT_CONVERSION = YES;
				GCC_WARN_ABOUT_RETURN_TYPE = YES_ERROR;
				GCC_WARN_UNDECLARED_SELECTOR = YES;
				GCC_WARN_UNINITIALIZED_AUTOS = YES_AGGRESSIVE;
				GCC_WARN_UNUSED_FUNCTION = YES;
				GCC_WARN_UNUSED_VARIABLE = YES;
				IPHONEOS_DEPLOYMENT_TARGET = 14.4;
				MTL_ENABLE_DEBUG_INFO = NO;
				MTL_FAST_MATH = YES;
				SDKROOT = iphoneos;
				SWIFT_COMPILATION_MODE = wholemodule;
				SWIFT_OPTIMIZATION_LEVEL = "-O";
				VALIDATE_PRODUCT = YES;
				VERSIONING_SYSTEM = "apple-generic";
				VERSION_INFO_PREFIX = "";
			};
			name = Release;
		};
		B59A44BA25FE934200857EB5 /* Debug */ = {
			isa = XCBuildConfiguration;
			buildSettings = {
				CLANG_ENABLE_MODULES = YES;
				CODE_SIGN_STYLE = Automatic;
				DEFINES_MODULE = YES;
				DEVELOPMENT_TEAM = WVA79395E7;
				DYLIB_COMPATIBILITY_VERSION = 1;
				DYLIB_CURRENT_VERSION = 1;
				DYLIB_INSTALL_NAME_BASE = "@rpath";
				INFOPLIST_FILE = Forge/Info.plist;
				INSTALL_PATH = "$(LOCAL_LIBRARY_DIR)/Frameworks";
				LD_RUNPATH_SEARCH_PATHS = (
					"$(inherited)",
					"@executable_path/Frameworks",
					"@loader_path/Frameworks",
				);
				PRODUCT_BUNDLE_IDENTIFIER = TylerJOtte.Forge;
				PRODUCT_NAME = "$(TARGET_NAME:c99extidentifier)";
				SKIP_INSTALL = YES;
				SWIFT_OPTIMIZATION_LEVEL = "-Onone";
				SWIFT_VERSION = 5.0;
				TARGETED_DEVICE_FAMILY = "1,2";
			};
			name = Debug;
		};
		B59A44BB25FE934200857EB5 /* Release */ = {
			isa = XCBuildConfiguration;
			buildSettings = {
				CLANG_ENABLE_MODULES = YES;
				CODE_SIGN_STYLE = Automatic;
				DEFINES_MODULE = YES;
				DEVELOPMENT_TEAM = WVA79395E7;
				DYLIB_COMPATIBILITY_VERSION = 1;
				DYLIB_CURRENT_VERSION = 1;
				DYLIB_INSTALL_NAME_BASE = "@rpath";
				INFOPLIST_FILE = Forge/Info.plist;
				INSTALL_PATH = "$(LOCAL_LIBRARY_DIR)/Frameworks";
				LD_RUNPATH_SEARCH_PATHS = (
					"$(inherited)",
					"@executable_path/Frameworks",
					"@loader_path/Frameworks",
				);
				PRODUCT_BUNDLE_IDENTIFIER = TylerJOtte.Forge;
				PRODUCT_NAME = "$(TARGET_NAME:c99extidentifier)";
				SKIP_INSTALL = YES;
				SWIFT_VERSION = 5.0;
				TARGETED_DEVICE_FAMILY = "1,2";
			};
			name = Release;
		};
		B59A44BD25FE934200857EB5 /* Debug */ = {
			isa = XCBuildConfiguration;
			buildSettings = {
				ALWAYS_EMBED_SWIFT_STANDARD_LIBRARIES = YES;
				CODE_SIGN_STYLE = Automatic;
				DEVELOPMENT_TEAM = WVA79395E7;
				INFOPLIST_FILE = ForgeTests/Info.plist;
				LD_RUNPATH_SEARCH_PATHS = (
					"$(inherited)",
					"@executable_path/Frameworks",
					"@loader_path/Frameworks",
				);
				PRODUCT_BUNDLE_IDENTIFIER = TylerJOtte.ForgeTests;
				PRODUCT_NAME = "$(TARGET_NAME)";
				SWIFT_VERSION = 5.0;
				TARGETED_DEVICE_FAMILY = "1,2";
			};
			name = Debug;
		};
		B59A44BE25FE934200857EB5 /* Release */ = {
			isa = XCBuildConfiguration;
			buildSettings = {
				ALWAYS_EMBED_SWIFT_STANDARD_LIBRARIES = YES;
				CODE_SIGN_STYLE = Automatic;
				DEVELOPMENT_TEAM = WVA79395E7;
				INFOPLIST_FILE = ForgeTests/Info.plist;
				LD_RUNPATH_SEARCH_PATHS = (
					"$(inherited)",
					"@executable_path/Frameworks",
					"@loader_path/Frameworks",
				);
				PRODUCT_BUNDLE_IDENTIFIER = TylerJOtte.ForgeTests;
				PRODUCT_NAME = "$(TARGET_NAME)";
				SWIFT_VERSION = 5.0;
				TARGETED_DEVICE_FAMILY = "1,2";
			};
			name = Release;
		};
/* End XCBuildConfiguration section */

/* Begin XCConfigurationList section */
		B59A449F25FE934100857EB5 /* Build configuration list for PBXProject "Forge" */ = {
			isa = XCConfigurationList;
			buildConfigurations = (
				B59A44B725FE934200857EB5 /* Debug */,
				B59A44B825FE934200857EB5 /* Release */,
			);
			defaultConfigurationIsVisible = 0;
			defaultConfigurationName = Release;
		};
		B59A44B925FE934200857EB5 /* Build configuration list for PBXNativeTarget "Forge" */ = {
			isa = XCConfigurationList;
			buildConfigurations = (
				B59A44BA25FE934200857EB5 /* Debug */,
				B59A44BB25FE934200857EB5 /* Release */,
			);
			defaultConfigurationIsVisible = 0;
			defaultConfigurationName = Release;
		};
		B59A44BC25FE934200857EB5 /* Build configuration list for PBXNativeTarget "ForgeTests" */ = {
			isa = XCConfigurationList;
			buildConfigurations = (
				B59A44BD25FE934200857EB5 /* Debug */,
				B59A44BE25FE934200857EB5 /* Release */,
			);
			defaultConfigurationIsVisible = 0;
			defaultConfigurationName = Release;
		};
/* End XCConfigurationList section */
	};
	rootObject = B59A449C25FE934100857EB5 /* Project object */;
}
