// !$*UTF8*$!
{
	archiveVersion = 1;
	classes = {
	};
	objectVersion = 50;
	objects = {

/* Begin PBXBuildFile section */
		B5566812262238350045AC2B /* Flush.swift in Sources */ = {isa = PBXBuildFile; fileRef = B5566811262238350045AC2B /* Flush.swift */; };
		B556681626223DB90045AC2B /* Fifteen.swift in Sources */ = {isa = PBXBuildFile; fileRef = B556681526223DB90045AC2B /* Fifteen.swift */; };
		B55668352623D29E0045AC2B /* Nobs.swift in Sources */ = {isa = PBXBuildFile; fileRef = B55668342623D29E0045AC2B /* Nobs.swift */; };
		B55668432623EA130045AC2B /* Tool.swift in Sources */ = {isa = PBXBuildFile; fileRef = B55668422623EA130045AC2B /* Tool.swift */; };
		B55668472623EAC20045AC2B /* Technology.swift in Sources */ = {isa = PBXBuildFile; fileRef = B55668462623EAC20045AC2B /* Technology.swift */; };
		B556684D2623EB150045AC2B /* Component.swift in Sources */ = {isa = PBXBuildFile; fileRef = B556684C2623EB150045AC2B /* Component.swift */; };
		B55668532623EB690045AC2B /* Resource.swift in Sources */ = {isa = PBXBuildFile; fileRef = B55668522623EB690045AC2B /* Resource.swift */; };
		B55668592623EC430045AC2B /* Reward.swift in Sources */ = {isa = PBXBuildFile; fileRef = B55668582623EC430045AC2B /* Reward.swift */; };
		B556685D2625268D0045AC2B /* Feature.swift in Sources */ = {isa = PBXBuildFile; fileRef = B556685C2625268D0045AC2B /* Feature.swift */; };
		B5566861262527AC0045AC2B /* Depiction.swift in Sources */ = {isa = PBXBuildFile; fileRef = B5566860262527AC0045AC2B /* Depiction.swift */; };
		B5566869262527FE0045AC2B /* Description.swift in Sources */ = {isa = PBXBuildFile; fileRef = B5566868262527FE0045AC2B /* Description.swift */; };
		B55668702625297E0045AC2B /* Environment.swift in Sources */ = {isa = PBXBuildFile; fileRef = B556686F2625297E0045AC2B /* Environment.swift */; };
		B556687D26252B0B0045AC2B /* Mechanic.swift in Sources */ = {isa = PBXBuildFile; fileRef = B556687C26252B0B0045AC2B /* Mechanic.swift */; };
		B556688326252BEC0045AC2B /* Rule.swift in Sources */ = {isa = PBXBuildFile; fileRef = B556688226252BEC0045AC2B /* Rule.swift */; };
		B556689226252E030045AC2B /* NobsTests.swift in Sources */ = {isa = PBXBuildFile; fileRef = B556689126252E030045AC2B /* NobsTests.swift */; };
		B556689826253AEA0045AC2B /* FifteenTests.swift in Sources */ = {isa = PBXBuildFile; fileRef = B556689726253AEA0045AC2B /* FifteenTests.swift */; };
		B556689C262659030045AC2B /* FlushTests.swift in Sources */ = {isa = PBXBuildFile; fileRef = B556689B262659030045AC2B /* FlushTests.swift */; };
		B55668A026265E160045AC2B /* RunTests.swift in Sources */ = {isa = PBXBuildFile; fileRef = B556689F26265E160045AC2B /* RunTests.swift */; };
		B55668A4262A70250045AC2B /* DoubleRun.swift in Sources */ = {isa = PBXBuildFile; fileRef = B55668A3262A70250045AC2B /* DoubleRun.swift */; };
		B55668AB262A78390045AC2B /* DoubleDoubleRun.swift in Sources */ = {isa = PBXBuildFile; fileRef = B55668AA262A78390045AC2B /* DoubleDoubleRun.swift */; };
		B55668AF262A7A350045AC2B /* TripleRun.swift in Sources */ = {isa = PBXBuildFile; fileRef = B55668AE262A7A350045AC2B /* TripleRun.swift */; };
		B55668B3262B57470045AC2B /* RangeError.swift in Sources */ = {isa = PBXBuildFile; fileRef = B55668B2262B57470045AC2B /* RangeError.swift */; };
		B55668BE262B92920045AC2B /* DoubleRunTests.swift in Sources */ = {isa = PBXBuildFile; fileRef = B55668BD262B92920045AC2B /* DoubleRunTests.swift */; };
		B55668C4262B929C0045AC2B /* DoubleDoubleRunTests.swift in Sources */ = {isa = PBXBuildFile; fileRef = B55668C3262B929C0045AC2B /* DoubleDoubleRunTests.swift */; };
		B55668C8262B92A30045AC2B /* TripleRunTests.swift in Sources */ = {isa = PBXBuildFile; fileRef = B55668C7262B92A30045AC2B /* TripleRunTests.swift */; };
		B55668D2262C88EC0045AC2B /* KindTests.swift in Sources */ = {isa = PBXBuildFile; fileRef = B55668D1262C88EC0045AC2B /* KindTests.swift */; };
		B55668D6262CB8FC0045AC2B /* RewardsError.swift in Sources */ = {isa = PBXBuildFile; fileRef = B55668D5262CB8FC0045AC2B /* RewardsError.swift */; };
		B5817D2E2617D2E40022B805 /* PlayingCard.swift in Sources */ = {isa = PBXBuildFile; fileRef = B5817D2D2617D2E40022B805 /* PlayingCard.swift */; };
		B5817D332617D3730022B805 /* Symbol.swift in Sources */ = {isa = PBXBuildFile; fileRef = B5817D322617D3730022B805 /* Symbol.swift */; };
		B5817D392617E24B0022B805 /* Rank.swift in Sources */ = {isa = PBXBuildFile; fileRef = B5817D382617E24B0022B805 /* Rank.swift */; };
		B5817D482618BC7D0022B805 /* Suit.swift in Sources */ = {isa = PBXBuildFile; fileRef = B5817D472618BC7D0022B805 /* Suit.swift */; };
		B5817D4F2618DE4D0022B805 /* PlayingCardRank.swift in Sources */ = {isa = PBXBuildFile; fileRef = B5817D4E2618DE4D0022B805 /* PlayingCardRank.swift */; };
		B5817D552618DE800022B805 /* PlayingCardSuit.swift in Sources */ = {isa = PBXBuildFile; fileRef = B5817D542618DE800022B805 /* PlayingCardSuit.swift */; };
		B5817D642618EE9E0022B805 /* PlayingCardTests.swift in Sources */ = {isa = PBXBuildFile; fileRef = B5817D632618EE9E0022B805 /* PlayingCardTests.swift */; };
		B5817D722619482C0022B805 /* PlayingCardDeck.swift in Sources */ = {isa = PBXBuildFile; fileRef = B5817D712619482C0022B805 /* PlayingCardDeck.swift */; };
		B5817D79261953CD0022B805 /* PlayingCards.swift in Sources */ = {isa = PBXBuildFile; fileRef = B5817D78261953CD0022B805 /* PlayingCards.swift */; };
		B5817D862619FFD50022B805 /* FeatureError.swift in Sources */ = {isa = PBXBuildFile; fileRef = B5817D852619FFD50022B805 /* FeatureError.swift */; };
		B5817D90261A12CD0022B805 /* PlayingCardDeckTests.swift in Sources */ = {isa = PBXBuildFile; fileRef = B5817D8F261A12CD0022B805 /* PlayingCardDeckTests.swift */; };
		B5817D97261A19DA0022B805 /* HandRank.swift in Sources */ = {isa = PBXBuildFile; fileRef = B5817D96261A19DA0022B805 /* HandRank.swift */; };
		B5817D9D261A1F7B0022B805 /* Kind.swift in Sources */ = {isa = PBXBuildFile; fileRef = B5817D9C261A1F7B0022B805 /* Kind.swift */; };
		B5817DA2261A27600022B805 /* ArrayExtension.swift in Sources */ = {isa = PBXBuildFile; fileRef = B5817DA1261A27600022B805 /* ArrayExtension.swift */; };
		B5817DA8261A3E0E0022B805 /* Run.swift in Sources */ = {isa = PBXBuildFile; fileRef = B5817DA7261A3E0E0022B805 /* Run.swift */; };
		B597383325FE958700367598 /* Elements.swift in Sources */ = {isa = PBXBuildFile; fileRef = B597383225FE958700367598 /* Elements.swift */; };
		B597383825FE9D5000367598 /* Card.swift in Sources */ = {isa = PBXBuildFile; fileRef = B597383725FE9D5000367598 /* Card.swift */; };
		B597383F25FE9E6D00367598 /* Cards.swift in Sources */ = {isa = PBXBuildFile; fileRef = B597383E25FE9E6D00367598 /* Cards.swift */; };
		B597384325FEA93000367598 /* Deck.swift in Sources */ = {isa = PBXBuildFile; fileRef = B597384225FEA93000367598 /* Deck.swift */; };
		B597384925FEAD4100367598 /* Hand.swift in Sources */ = {isa = PBXBuildFile; fileRef = B597384825FEAD4100367598 /* Hand.swift */; };
		B597384E25FEB07900367598 /* DeckTests.swift in Sources */ = {isa = PBXBuildFile; fileRef = B597384D25FEB07900367598 /* DeckTests.swift */; };
		B597385625FEB76E00367598 /* HandTests.swift in Sources */ = {isa = PBXBuildFile; fileRef = B597385525FEB76E00367598 /* HandTests.swift */; };
		B597385A25FEC1CE00367598 /* ElementsError.swift in Sources */ = {isa = PBXBuildFile; fileRef = B597385925FEC1CE00367598 /* ElementsError.swift */; };
		B597386125FED1B900367598 /* CardTests.swift in Sources */ = {isa = PBXBuildFile; fileRef = B597386025FED1B900367598 /* CardTests.swift */; };
		B59A44AF25FE934200857EB5 /* Forge.framework in Frameworks */ = {isa = PBXBuildFile; fileRef = B59A44A525FE934100857EB5 /* Forge.framework */; };
		B59A44B625FE934200857EB5 /* Forge.h in Headers */ = {isa = PBXBuildFile; fileRef = B59A44A825FE934200857EB5 /* Forge.h */; settings = {ATTRIBUTES = (Public, ); }; };
		B5F2D43C262D16340089403F /* FaceCard.swift in Sources */ = {isa = PBXBuildFile; fileRef = B5F2D43B262D16340089403F /* FaceCard.swift */; };
		B5F2D442262E39380089403F /* PlayingCardError.swift in Sources */ = {isa = PBXBuildFile; fileRef = B5F2D441262E39380089403F /* PlayingCardError.swift */; };
		B5F2D44A262E496E0089403F /* NumeralCard.swift in Sources */ = {isa = PBXBuildFile; fileRef = B5F2D449262E496E0089403F /* NumeralCard.swift */; };
		B5F2D44E262E4AD90089403F /* Ace.swift in Sources */ = {isa = PBXBuildFile; fileRef = B5F2D44D262E4AD90089403F /* Ace.swift */; };
		B5F2D452262E4C660089403F /* Two.swift in Sources */ = {isa = PBXBuildFile; fileRef = B5F2D451262E4C660089403F /* Two.swift */; };
		B5F2D456262E4D330089403F /* Three.swift in Sources */ = {isa = PBXBuildFile; fileRef = B5F2D455262E4D330089403F /* Three.swift */; };
		B5F2D45A262E4D9E0089403F /* Four.swift in Sources */ = {isa = PBXBuildFile; fileRef = B5F2D459262E4D9E0089403F /* Four.swift */; };
		B5F2D45E262E4E180089403F /* Five.swift in Sources */ = {isa = PBXBuildFile; fileRef = B5F2D45D262E4E180089403F /* Five.swift */; };
		B5F2D462262E4E540089403F /* Six.swift in Sources */ = {isa = PBXBuildFile; fileRef = B5F2D461262E4E540089403F /* Six.swift */; };
		B5F2D466262E4E960089403F /* Seven.swift in Sources */ = {isa = PBXBuildFile; fileRef = B5F2D465262E4E960089403F /* Seven.swift */; };
		B5F2D46A262E4ED00089403F /* Eight.swift in Sources */ = {isa = PBXBuildFile; fileRef = B5F2D469262E4ED00089403F /* Eight.swift */; };
		B5F2D46F262E4F210089403F /* Nine.swift in Sources */ = {isa = PBXBuildFile; fileRef = B5F2D46E262E4F210089403F /* Nine.swift */; };
		B5F2D473262E4F5C0089403F /* Ten.swift in Sources */ = {isa = PBXBuildFile; fileRef = B5F2D472262E4F5C0089403F /* Ten.swift */; };
		B5F2D477262E4FA00089403F /* Jack.swift in Sources */ = {isa = PBXBuildFile; fileRef = B5F2D476262E4FA00089403F /* Jack.swift */; };
/* End PBXBuildFile section */

/* Begin PBXContainerItemProxy section */
		B59A44B025FE934200857EB5 /* PBXContainerItemProxy */ = {
			isa = PBXContainerItemProxy;
			containerPortal = B59A449C25FE934100857EB5 /* Project object */;
			proxyType = 1;
			remoteGlobalIDString = B59A44A425FE934100857EB5;
			remoteInfo = Forge;
		};
/* End PBXContainerItemProxy section */

/* Begin PBXFileReference section */
		B5566811262238350045AC2B /* Flush.swift */ = {isa = PBXFileReference; lastKnownFileType = sourcecode.swift; path = Flush.swift; sourceTree = "<group>"; };
		B556681526223DB90045AC2B /* Fifteen.swift */ = {isa = PBXFileReference; lastKnownFileType = sourcecode.swift; path = Fifteen.swift; sourceTree = "<group>"; };
		B55668342623D29E0045AC2B /* Nobs.swift */ = {isa = PBXFileReference; lastKnownFileType = sourcecode.swift; path = Nobs.swift; sourceTree = "<group>"; };
		B55668422623EA130045AC2B /* Tool.swift */ = {isa = PBXFileReference; lastKnownFileType = sourcecode.swift; path = Tool.swift; sourceTree = "<group>"; };
		B55668462623EAC20045AC2B /* Technology.swift */ = {isa = PBXFileReference; lastKnownFileType = sourcecode.swift; path = Technology.swift; sourceTree = "<group>"; };
		B556684C2623EB150045AC2B /* Component.swift */ = {isa = PBXFileReference; lastKnownFileType = sourcecode.swift; path = Component.swift; sourceTree = "<group>"; };
		B55668522623EB690045AC2B /* Resource.swift */ = {isa = PBXFileReference; lastKnownFileType = sourcecode.swift; path = Resource.swift; sourceTree = "<group>"; };
		B55668582623EC430045AC2B /* Reward.swift */ = {isa = PBXFileReference; lastKnownFileType = sourcecode.swift; path = Reward.swift; sourceTree = "<group>"; };
		B556685C2625268D0045AC2B /* Feature.swift */ = {isa = PBXFileReference; lastKnownFileType = sourcecode.swift; path = Feature.swift; sourceTree = "<group>"; };
		B5566860262527AC0045AC2B /* Depiction.swift */ = {isa = PBXFileReference; lastKnownFileType = sourcecode.swift; path = Depiction.swift; sourceTree = "<group>"; };
		B5566868262527FE0045AC2B /* Description.swift */ = {isa = PBXFileReference; lastKnownFileType = sourcecode.swift; path = Description.swift; sourceTree = "<group>"; };
		B556686F2625297E0045AC2B /* Environment.swift */ = {isa = PBXFileReference; lastKnownFileType = sourcecode.swift; path = Environment.swift; sourceTree = "<group>"; };
		B556687C26252B0B0045AC2B /* Mechanic.swift */ = {isa = PBXFileReference; lastKnownFileType = sourcecode.swift; path = Mechanic.swift; sourceTree = "<group>"; };
		B556688226252BEC0045AC2B /* Rule.swift */ = {isa = PBXFileReference; lastKnownFileType = sourcecode.swift; path = Rule.swift; sourceTree = "<group>"; };
		B556689126252E030045AC2B /* NobsTests.swift */ = {isa = PBXFileReference; lastKnownFileType = sourcecode.swift; path = NobsTests.swift; sourceTree = "<group>"; };
		B556689726253AEA0045AC2B /* FifteenTests.swift */ = {isa = PBXFileReference; lastKnownFileType = sourcecode.swift; path = FifteenTests.swift; sourceTree = "<group>"; };
		B556689B262659030045AC2B /* FlushTests.swift */ = {isa = PBXFileReference; lastKnownFileType = sourcecode.swift; path = FlushTests.swift; sourceTree = "<group>"; };
		B556689F26265E160045AC2B /* RunTests.swift */ = {isa = PBXFileReference; lastKnownFileType = sourcecode.swift; path = RunTests.swift; sourceTree = "<group>"; };
		B55668A3262A70250045AC2B /* DoubleRun.swift */ = {isa = PBXFileReference; lastKnownFileType = sourcecode.swift; path = DoubleRun.swift; sourceTree = "<group>"; };
		B55668AA262A78390045AC2B /* DoubleDoubleRun.swift */ = {isa = PBXFileReference; lastKnownFileType = sourcecode.swift; path = DoubleDoubleRun.swift; sourceTree = "<group>"; };
		B55668AE262A7A350045AC2B /* TripleRun.swift */ = {isa = PBXFileReference; lastKnownFileType = sourcecode.swift; path = TripleRun.swift; sourceTree = "<group>"; };
		B55668B2262B57470045AC2B /* RangeError.swift */ = {isa = PBXFileReference; lastKnownFileType = sourcecode.swift; path = RangeError.swift; sourceTree = "<group>"; };
		B55668BD262B92920045AC2B /* DoubleRunTests.swift */ = {isa = PBXFileReference; lastKnownFileType = sourcecode.swift; path = DoubleRunTests.swift; sourceTree = "<group>"; };
		B55668C3262B929C0045AC2B /* DoubleDoubleRunTests.swift */ = {isa = PBXFileReference; lastKnownFileType = sourcecode.swift; path = DoubleDoubleRunTests.swift; sourceTree = "<group>"; };
		B55668C7262B92A30045AC2B /* TripleRunTests.swift */ = {isa = PBXFileReference; lastKnownFileType = sourcecode.swift; path = TripleRunTests.swift; sourceTree = "<group>"; };
		B55668D1262C88EC0045AC2B /* KindTests.swift */ = {isa = PBXFileReference; lastKnownFileType = sourcecode.swift; path = KindTests.swift; sourceTree = "<group>"; };
		B55668D5262CB8FC0045AC2B /* RewardsError.swift */ = {isa = PBXFileReference; lastKnownFileType = sourcecode.swift; path = RewardsError.swift; sourceTree = "<group>"; };
		B5817D2D2617D2E40022B805 /* PlayingCard.swift */ = {isa = PBXFileReference; lastKnownFileType = sourcecode.swift; path = PlayingCard.swift; sourceTree = "<group>"; };
		B5817D322617D3730022B805 /* Symbol.swift */ = {isa = PBXFileReference; lastKnownFileType = sourcecode.swift; path = Symbol.swift; sourceTree = "<group>"; };
		B5817D382617E24B0022B805 /* Rank.swift */ = {isa = PBXFileReference; lastKnownFileType = sourcecode.swift; path = Rank.swift; sourceTree = "<group>"; };
		B5817D472618BC7D0022B805 /* Suit.swift */ = {isa = PBXFileReference; lastKnownFileType = sourcecode.swift; path = Suit.swift; sourceTree = "<group>"; };
		B5817D4E2618DE4D0022B805 /* PlayingCardRank.swift */ = {isa = PBXFileReference; lastKnownFileType = sourcecode.swift; path = PlayingCardRank.swift; sourceTree = "<group>"; };
		B5817D542618DE800022B805 /* PlayingCardSuit.swift */ = {isa = PBXFileReference; lastKnownFileType = sourcecode.swift; path = PlayingCardSuit.swift; sourceTree = "<group>"; };
		B5817D632618EE9E0022B805 /* PlayingCardTests.swift */ = {isa = PBXFileReference; lastKnownFileType = sourcecode.swift; path = PlayingCardTests.swift; sourceTree = "<group>"; };
		B5817D712619482C0022B805 /* PlayingCardDeck.swift */ = {isa = PBXFileReference; lastKnownFileType = sourcecode.swift; path = PlayingCardDeck.swift; sourceTree = "<group>"; };
		B5817D78261953CD0022B805 /* PlayingCards.swift */ = {isa = PBXFileReference; lastKnownFileType = sourcecode.swift; path = PlayingCards.swift; sourceTree = "<group>"; };
		B5817D852619FFD50022B805 /* FeatureError.swift */ = {isa = PBXFileReference; lastKnownFileType = sourcecode.swift; path = FeatureError.swift; sourceTree = "<group>"; };
		B5817D8F261A12CD0022B805 /* PlayingCardDeckTests.swift */ = {isa = PBXFileReference; lastKnownFileType = sourcecode.swift; path = PlayingCardDeckTests.swift; sourceTree = "<group>"; };
		B5817D96261A19DA0022B805 /* HandRank.swift */ = {isa = PBXFileReference; lastKnownFileType = sourcecode.swift; path = HandRank.swift; sourceTree = "<group>"; };
		B5817D9C261A1F7B0022B805 /* Kind.swift */ = {isa = PBXFileReference; lastKnownFileType = sourcecode.swift; path = Kind.swift; sourceTree = "<group>"; };
		B5817DA1261A27600022B805 /* ArrayExtension.swift */ = {isa = PBXFileReference; lastKnownFileType = sourcecode.swift; path = ArrayExtension.swift; sourceTree = "<group>"; };
		B5817DA7261A3E0E0022B805 /* Run.swift */ = {isa = PBXFileReference; lastKnownFileType = sourcecode.swift; path = Run.swift; sourceTree = "<group>"; };
		B597383225FE958700367598 /* Elements.swift */ = {isa = PBXFileReference; lastKnownFileType = sourcecode.swift; path = Elements.swift; sourceTree = "<group>"; };
		B597383725FE9D5000367598 /* Card.swift */ = {isa = PBXFileReference; lastKnownFileType = sourcecode.swift; path = Card.swift; sourceTree = "<group>"; };
		B597383E25FE9E6D00367598 /* Cards.swift */ = {isa = PBXFileReference; lastKnownFileType = sourcecode.swift; path = Cards.swift; sourceTree = "<group>"; };
		B597384225FEA93000367598 /* Deck.swift */ = {isa = PBXFileReference; lastKnownFileType = sourcecode.swift; path = Deck.swift; sourceTree = "<group>"; };
		B597384825FEAD4100367598 /* Hand.swift */ = {isa = PBXFileReference; lastKnownFileType = sourcecode.swift; path = Hand.swift; sourceTree = "<group>"; };
		B597384D25FEB07900367598 /* DeckTests.swift */ = {isa = PBXFileReference; lastKnownFileType = sourcecode.swift; path = DeckTests.swift; sourceTree = "<group>"; };
		B597385525FEB76E00367598 /* HandTests.swift */ = {isa = PBXFileReference; lastKnownFileType = sourcecode.swift; path = HandTests.swift; sourceTree = "<group>"; };
		B597385925FEC1CE00367598 /* ElementsError.swift */ = {isa = PBXFileReference; lastKnownFileType = sourcecode.swift; path = ElementsError.swift; sourceTree = "<group>"; };
		B597386025FED1B900367598 /* CardTests.swift */ = {isa = PBXFileReference; lastKnownFileType = sourcecode.swift; path = CardTests.swift; sourceTree = "<group>"; };
		B59A44A525FE934100857EB5 /* Forge.framework */ = {isa = PBXFileReference; explicitFileType = wrapper.framework; includeInIndex = 0; path = Forge.framework; sourceTree = BUILT_PRODUCTS_DIR; };
		B59A44A825FE934200857EB5 /* Forge.h */ = {isa = PBXFileReference; lastKnownFileType = sourcecode.c.h; path = Forge.h; sourceTree = "<group>"; };
		B59A44A925FE934200857EB5 /* Info.plist */ = {isa = PBXFileReference; lastKnownFileType = text.plist.xml; path = Info.plist; sourceTree = "<group>"; };
		B59A44AE25FE934200857EB5 /* ForgeTests.xctest */ = {isa = PBXFileReference; explicitFileType = wrapper.cfbundle; includeInIndex = 0; path = ForgeTests.xctest; sourceTree = BUILT_PRODUCTS_DIR; };
		B59A44B525FE934200857EB5 /* Info.plist */ = {isa = PBXFileReference; lastKnownFileType = text.plist.xml; path = Info.plist; sourceTree = "<group>"; };
		B5F2D43B262D16340089403F /* FaceCard.swift */ = {isa = PBXFileReference; lastKnownFileType = sourcecode.swift; path = FaceCard.swift; sourceTree = "<group>"; };
		B5F2D441262E39380089403F /* PlayingCardError.swift */ = {isa = PBXFileReference; lastKnownFileType = sourcecode.swift; path = PlayingCardError.swift; sourceTree = "<group>"; };
		B5F2D449262E496E0089403F /* NumeralCard.swift */ = {isa = PBXFileReference; lastKnownFileType = sourcecode.swift; path = NumeralCard.swift; sourceTree = "<group>"; };
		B5F2D44D262E4AD90089403F /* Ace.swift */ = {isa = PBXFileReference; lastKnownFileType = sourcecode.swift; path = Ace.swift; sourceTree = "<group>"; };
		B5F2D451262E4C660089403F /* Two.swift */ = {isa = PBXFileReference; lastKnownFileType = sourcecode.swift; path = Two.swift; sourceTree = "<group>"; };
		B5F2D455262E4D330089403F /* Three.swift */ = {isa = PBXFileReference; lastKnownFileType = sourcecode.swift; path = Three.swift; sourceTree = "<group>"; };
		B5F2D459262E4D9E0089403F /* Four.swift */ = {isa = PBXFileReference; lastKnownFileType = sourcecode.swift; path = Four.swift; sourceTree = "<group>"; };
		B5F2D45D262E4E180089403F /* Five.swift */ = {isa = PBXFileReference; lastKnownFileType = sourcecode.swift; path = Five.swift; sourceTree = "<group>"; };
		B5F2D461262E4E540089403F /* Six.swift */ = {isa = PBXFileReference; lastKnownFileType = sourcecode.swift; path = Six.swift; sourceTree = "<group>"; };
		B5F2D465262E4E960089403F /* Seven.swift */ = {isa = PBXFileReference; lastKnownFileType = sourcecode.swift; path = Seven.swift; sourceTree = "<group>"; };
		B5F2D469262E4ED00089403F /* Eight.swift */ = {isa = PBXFileReference; lastKnownFileType = sourcecode.swift; path = Eight.swift; sourceTree = "<group>"; };
		B5F2D46E262E4F210089403F /* Nine.swift */ = {isa = PBXFileReference; lastKnownFileType = sourcecode.swift; path = Nine.swift; sourceTree = "<group>"; };
		B5F2D472262E4F5C0089403F /* Ten.swift */ = {isa = PBXFileReference; lastKnownFileType = sourcecode.swift; path = Ten.swift; sourceTree = "<group>"; };
		B5F2D476262E4FA00089403F /* Jack.swift */ = {isa = PBXFileReference; lastKnownFileType = sourcecode.swift; path = Jack.swift; sourceTree = "<group>"; };
/* End PBXFileReference section */

/* Begin PBXFrameworksBuildPhase section */
		B59A44A225FE934100857EB5 /* Frameworks */ = {
			isa = PBXFrameworksBuildPhase;
			buildActionMask = 2147483647;
			files = (
			);
			runOnlyForDeploymentPostprocessing = 0;
		};
		B59A44AB25FE934200857EB5 /* Frameworks */ = {
			isa = PBXFrameworksBuildPhase;
			buildActionMask = 2147483647;
			files = (
				B59A44AF25FE934200857EB5 /* Forge.framework in Frameworks */,
			);
			runOnlyForDeploymentPostprocessing = 0;
		};
/* End PBXFrameworksBuildPhase section */

/* Begin PBXGroup section */
		B556683A2623D8FF0045AC2B /* Collections */ = {
			isa = PBXGroup;
			children = (
				B5817D6E261947DB0022B805 /* Decks */,
				B5817D6F261948090022B805 /* Hands */,
			);
			path = Collections;
			sourceTree = "<group>";
		};
		B556683B2623E9680045AC2B /* Technologies */ = {
			isa = PBXGroup;
			children = (
				B55668462623EAC20045AC2B /* Technology.swift */,
				B556683D2623E9770045AC2B /* Tools */,
				B556683C2623E9700045AC2B /* Resources */,
			);
			path = Technologies;
			sourceTree = "<group>";
		};
		B556683C2623E9700045AC2B /* Resources */ = {
			isa = PBXGroup;
			children = (
				B55668522623EB690045AC2B /* Resource.swift */,
				B556683E2623E9A30045AC2B /* Rewards */,
			);
			path = Resources;
			sourceTree = "<group>";
		};
		B556683D2623E9770045AC2B /* Tools */ = {
			isa = PBXGroup;
			children = (
				B55668422623EA130045AC2B /* Tool.swift */,
				B597383D25FE9E5A00367598 /* Cards */,
			);
			path = Tools;
			sourceTree = "<group>";
		};
		B556683E2623E9A30045AC2B /* Rewards */ = {
			isa = PBXGroup;
			children = (
				B55668582623EC430045AC2B /* Reward.swift */,
			);
			path = Rewards;
			sourceTree = "<group>";
		};
		B556683F2623E9B70045AC2B /* Components */ = {
			isa = PBXGroup;
			children = (
				B556684C2623EB150045AC2B /* Component.swift */,
				B556683B2623E9680045AC2B /* Technologies */,
			);
			path = Components;
			sourceTree = "<group>";
		};
		B556686E2625296F0045AC2B /* Environments */ = {
			isa = PBXGroup;
			children = (
				B556686F2625297E0045AC2B /* Environment.swift */,
			);
			path = Environments;
			sourceTree = "<group>";
		};
		B556687926252AC10045AC2B /* Mechanics */ = {
			isa = PBXGroup;
			children = (
				B556687C26252B0B0045AC2B /* Mechanic.swift */,
				B556687A26252AC50045AC2B /* Rules */,
			);
			path = Mechanics;
			sourceTree = "<group>";
		};
		B556687A26252AC50045AC2B /* Rules */ = {
			isa = PBXGroup;
			children = (
				B556688226252BEC0045AC2B /* Rule.swift */,
			);
			path = Rules;
			sourceTree = "<group>";
		};
		B556688826252C970045AC2B /* System */ = {
			isa = PBXGroup;
			children = (
				B5817D842619FFA90022B805 /* Errors */,
				B5817DA0261A27500022B805 /* Extensions */,
			);
			path = System;
			sourceTree = "<group>";
		};
		B556688B26252DAE0045AC2B /* Components */ = {
			isa = PBXGroup;
			children = (
				B556688C26252DB40045AC2B /* Technologies */,
			);
			path = Components;
			sourceTree = "<group>";
		};
		B556688C26252DB40045AC2B /* Technologies */ = {
			isa = PBXGroup;
			children = (
				B556688D26252DB90045AC2B /* Tools */,
			);
			path = Technologies;
			sourceTree = "<group>";
		};
		B556688D26252DB90045AC2B /* Tools */ = {
			isa = PBXGroup;
			children = (
				B597384C25FEB05B00367598 /* Cards */,
			);
			path = Tools;
			sourceTree = "<group>";
		};
		B556688E26252DCC0045AC2B /* Collections */ = {
			isa = PBXGroup;
			children = (
				B5817D8D261A129C0022B805 /* Decks */,
				B5817D8E261A12A70022B805 /* Hands */,
			);
			path = Collections;
			sourceTree = "<group>";
		};
		B556688F26252DDA0045AC2B /* HandRanks */ = {
			isa = PBXGroup;
			children = (
				B55668BC262B92820045AC2B /* Runs */,
				B556689126252E030045AC2B /* NobsTests.swift */,
				B556689726253AEA0045AC2B /* FifteenTests.swift */,
				B556689B262659030045AC2B /* FlushTests.swift */,
				B55668D1262C88EC0045AC2B /* KindTests.swift */,
			);
			path = HandRanks;
			sourceTree = "<group>";
		};
		B55668A7262A763C0045AC2B /* Runs */ = {
			isa = PBXGroup;
			children = (
				B5817DA7261A3E0E0022B805 /* Run.swift */,
				B55668A3262A70250045AC2B /* DoubleRun.swift */,
				B55668AA262A78390045AC2B /* DoubleDoubleRun.swift */,
				B55668AE262A7A350045AC2B /* TripleRun.swift */,
			);
			path = Runs;
			sourceTree = "<group>";
		};
		B55668BC262B92820045AC2B /* Runs */ = {
			isa = PBXGroup;
			children = (
				B556689F26265E160045AC2B /* RunTests.swift */,
				B55668BD262B92920045AC2B /* DoubleRunTests.swift */,
				B55668C3262B929C0045AC2B /* DoubleDoubleRunTests.swift */,
				B55668C7262B92A30045AC2B /* TripleRunTests.swift */,
			);
			path = Runs;
			sourceTree = "<group>";
		};
		B5817D422618B1150022B805 /* Features */ = {
			isa = PBXGroup;
			children = (
				B556685C2625268D0045AC2B /* Feature.swift */,
				B5817D442618B11C0022B805 /* Descriptions */,
				B5817D432618B1180022B805 /* Depictions */,
			);
			path = Features;
			sourceTree = "<group>";
		};
		B5817D432618B1180022B805 /* Depictions */ = {
			isa = PBXGroup;
			children = (
				B5566860262527AC0045AC2B /* Depiction.swift */,
				B5817D322617D3730022B805 /* Symbol.swift */,
				B5867367262CFD2100769406 /* Suits */,
			);
			path = Depictions;
			sourceTree = "<group>";
		};
		B5817D442618B11C0022B805 /* Descriptions */ = {
			isa = PBXGroup;
			children = (
				B5566868262527FE0045AC2B /* Description.swift */,
				B5817D382617E24B0022B805 /* Rank.swift */,
			);
			path = Descriptions;
			sourceTree = "<group>";
		};
		B5817D4D2618DE180022B805 /* PlayingCards */ = {
			isa = PBXGroup;
			children = (
				B5817D2D2617D2E40022B805 /* PlayingCard.swift */,
				B5F2D448262E49530089403F /* NumeralCards */,
				B5F2D447262E49430089403F /* FaceCards */,
				B5817D5C2618DF380022B805 /* Extensions */,
			);
			path = PlayingCards;
			sourceTree = "<group>";
		};
		B5817D5C2618DF380022B805 /* Extensions */ = {
			isa = PBXGroup;
			children = (
				B5817D4E2618DE4D0022B805 /* PlayingCardRank.swift */,
				B5817D542618DE800022B805 /* PlayingCardSuit.swift */,
				B5F2D441262E39380089403F /* PlayingCardError.swift */,
			);
			path = Extensions;
			sourceTree = "<group>";
		};
		B5817D6E261947DB0022B805 /* Decks */ = {
			isa = PBXGroup;
			children = (
				B597384225FEA93000367598 /* Deck.swift */,
				B5817D712619482C0022B805 /* PlayingCardDeck.swift */,
			);
			path = Decks;
			sourceTree = "<group>";
		};
		B5817D6F261948090022B805 /* Hands */ = {
			isa = PBXGroup;
			children = (
				B597384825FEAD4100367598 /* Hand.swift */,
				B5817D95261A19BD0022B805 /* HandRanks */,
			);
			path = Hands;
			sourceTree = "<group>";
		};
		B5817D77261953990022B805 /* Helpers */ = {
			isa = PBXGroup;
			children = (
				B5817D78261953CD0022B805 /* PlayingCards.swift */,
			);
			path = Helpers;
			sourceTree = "<group>";
		};
		B5817D842619FFA90022B805 /* Errors */ = {
			isa = PBXGroup;
			children = (
				B597385925FEC1CE00367598 /* ElementsError.swift */,
				B5817D852619FFD50022B805 /* FeatureError.swift */,
				B55668B2262B57470045AC2B /* RangeError.swift */,
				B55668D5262CB8FC0045AC2B /* RewardsError.swift */,
			);
			path = Errors;
			sourceTree = "<group>";
		};
		B5817D8D261A129C0022B805 /* Decks */ = {
			isa = PBXGroup;
			children = (
				B597384D25FEB07900367598 /* DeckTests.swift */,
				B5817D8F261A12CD0022B805 /* PlayingCardDeckTests.swift */,
			);
			path = Decks;
			sourceTree = "<group>";
		};
		B5817D8E261A12A70022B805 /* Hands */ = {
			isa = PBXGroup;
			children = (
				B597385525FEB76E00367598 /* HandTests.swift */,
				B556688F26252DDA0045AC2B /* HandRanks */,
			);
			path = Hands;
			sourceTree = "<group>";
		};
		B5817D95261A19BD0022B805 /* HandRanks */ = {
			isa = PBXGroup;
			children = (
				B5817D96261A19DA0022B805 /* HandRank.swift */,
				B55668A7262A763C0045AC2B /* Runs */,
				B5817D9C261A1F7B0022B805 /* Kind.swift */,
				B5566811262238350045AC2B /* Flush.swift */,
				B556681526223DB90045AC2B /* Fifteen.swift */,
				B55668342623D29E0045AC2B /* Nobs.swift */,
			);
			path = HandRanks;
			sourceTree = "<group>";
		};
		B5817DA0261A27500022B805 /* Extensions */ = {
			isa = PBXGroup;
			children = (
				B5817DA1261A27600022B805 /* ArrayExtension.swift */,
			);
			path = Extensions;
			sourceTree = "<group>";
		};
		B5867367262CFD2100769406 /* Suits */ = {
			isa = PBXGroup;
			children = (
				B5817D472618BC7D0022B805 /* Suit.swift */,
			);
			path = Suits;
			sourceTree = "<group>";
		};
		B597383625FE9CF300367598 /* Card */ = {
			isa = PBXGroup;
			children = (
				B597383725FE9D5000367598 /* Card.swift */,
				B5817D4D2618DE180022B805 /* PlayingCards */,
			);
			path = Card;
			sourceTree = "<group>";
		};
		B597383D25FE9E5A00367598 /* Cards */ = {
			isa = PBXGroup;
			children = (
				B597383E25FE9E6D00367598 /* Cards.swift */,
				B5817D77261953990022B805 /* Helpers */,
				B597383625FE9CF300367598 /* Card */,
				B556683A2623D8FF0045AC2B /* Collections */,
			);
			path = Cards;
			sourceTree = "<group>";
		};
		B597384C25FEB05B00367598 /* Cards */ = {
			isa = PBXGroup;
			children = (
				B597385F25FED1AB00367598 /* Card */,
				B556688E26252DCC0045AC2B /* Collections */,
			);
			path = Cards;
			sourceTree = "<group>";
		};
		B597385F25FED1AB00367598 /* Card */ = {
			isa = PBXGroup;
			children = (
				B597386025FED1B900367598 /* CardTests.swift */,
				B5817D632618EE9E0022B805 /* PlayingCardTests.swift */,
			);
			path = Card;
			sourceTree = "<group>";
		};
		B59A449B25FE934100857EB5 = {
			isa = PBXGroup;
			children = (
				B59A44A725FE934100857EB5 /* Forge */,
				B59A44B225FE934200857EB5 /* ForgeTests */,
				B59A44A625FE934100857EB5 /* Products */,
			);
			sourceTree = "<group>";
		};
		B59A44A625FE934100857EB5 /* Products */ = {
			isa = PBXGroup;
			children = (
				B59A44A525FE934100857EB5 /* Forge.framework */,
				B59A44AE25FE934200857EB5 /* ForgeTests.xctest */,
			);
			name = Products;
			sourceTree = "<group>";
		};
		B59A44A725FE934100857EB5 /* Forge */ = {
			isa = PBXGroup;
			children = (
				B597383225FE958700367598 /* Elements.swift */,
				B556688826252C970045AC2B /* System */,
				B556686E2625296F0045AC2B /* Environments */,
				B556683F2623E9B70045AC2B /* Components */,
				B5817D422618B1150022B805 /* Features */,
				B556687926252AC10045AC2B /* Mechanics */,
				B59A44A825FE934200857EB5 /* Forge.h */,
				B59A44A925FE934200857EB5 /* Info.plist */,
			);
			path = Forge;
			sourceTree = "<group>";
		};
		B59A44B225FE934200857EB5 /* ForgeTests */ = {
			isa = PBXGroup;
			children = (
				B556688B26252DAE0045AC2B /* Components */,
				B59A44B525FE934200857EB5 /* Info.plist */,
			);
			path = ForgeTests;
			sourceTree = "<group>";
		};
		B5F2D447262E49430089403F /* FaceCards */ = {
			isa = PBXGroup;
			children = (
				B5F2D43B262D16340089403F /* FaceCard.swift */,
				B5F2D476262E4FA00089403F /* Jack.swift */,
			);
			path = FaceCards;
			sourceTree = "<group>";
		};
		B5F2D448262E49530089403F /* NumeralCards */ = {
			isa = PBXGroup;
			children = (
				B5F2D449262E496E0089403F /* NumeralCard.swift */,
				B5F2D44D262E4AD90089403F /* Ace.swift */,
				B5F2D451262E4C660089403F /* Two.swift */,
				B5F2D455262E4D330089403F /* Three.swift */,
				B5F2D459262E4D9E0089403F /* Four.swift */,
				B5F2D45D262E4E180089403F /* Five.swift */,
				B5F2D461262E4E540089403F /* Six.swift */,
				B5F2D465262E4E960089403F /* Seven.swift */,
				B5F2D469262E4ED00089403F /* Eight.swift */,
				B5F2D46E262E4F210089403F /* Nine.swift */,
				B5F2D472262E4F5C0089403F /* Ten.swift */,
			);
			path = NumeralCards;
			sourceTree = "<group>";
		};
/* End PBXGroup section */

/* Begin PBXHeadersBuildPhase section */
		B59A44A025FE934100857EB5 /* Headers */ = {
			isa = PBXHeadersBuildPhase;
			buildActionMask = 2147483647;
			files = (
				B59A44B625FE934200857EB5 /* Forge.h in Headers */,
			);
			runOnlyForDeploymentPostprocessing = 0;
		};
/* End PBXHeadersBuildPhase section */

/* Begin PBXNativeTarget section */
		B59A44A425FE934100857EB5 /* Forge */ = {
			isa = PBXNativeTarget;
			buildConfigurationList = B59A44B925FE934200857EB5 /* Build configuration list for PBXNativeTarget "Forge" */;
			buildPhases = (
				B59A44A025FE934100857EB5 /* Headers */,
				B59A44A125FE934100857EB5 /* Sources */,
				B59A44A225FE934100857EB5 /* Frameworks */,
				B59A44A325FE934100857EB5 /* Resources */,
			);
			buildRules = (
			);
			dependencies = (
			);
			name = Forge;
			productName = Forge;
			productReference = B59A44A525FE934100857EB5 /* Forge.framework */;
			productType = "com.apple.product-type.framework";
		};
		B59A44AD25FE934200857EB5 /* ForgeTests */ = {
			isa = PBXNativeTarget;
			buildConfigurationList = B59A44BC25FE934200857EB5 /* Build configuration list for PBXNativeTarget "ForgeTests" */;
			buildPhases = (
				B59A44AA25FE934200857EB5 /* Sources */,
				B59A44AB25FE934200857EB5 /* Frameworks */,
				B59A44AC25FE934200857EB5 /* Resources */,
			);
			buildRules = (
			);
			dependencies = (
				B59A44B125FE934200857EB5 /* PBXTargetDependency */,
			);
			name = ForgeTests;
			productName = ForgeTests;
			productReference = B59A44AE25FE934200857EB5 /* ForgeTests.xctest */;
			productType = "com.apple.product-type.bundle.unit-test";
		};
/* End PBXNativeTarget section */

/* Begin PBXProject section */
		B59A449C25FE934100857EB5 /* Project object */ = {
			isa = PBXProject;
			attributes = {
				LastSwiftUpdateCheck = 1240;
				LastUpgradeCheck = 1240;
				TargetAttributes = {
					B59A44A425FE934100857EB5 = {
						CreatedOnToolsVersion = 12.4;
						LastSwiftMigration = 1240;
					};
					B59A44AD25FE934200857EB5 = {
						CreatedOnToolsVersion = 12.4;
					};
				};
			};
			buildConfigurationList = B59A449F25FE934100857EB5 /* Build configuration list for PBXProject "Forge" */;
			compatibilityVersion = "Xcode 9.3";
			developmentRegion = en;
			hasScannedForEncodings = 0;
			knownRegions = (
				en,
				Base,
			);
			mainGroup = B59A449B25FE934100857EB5;
			productRefGroup = B59A44A625FE934100857EB5 /* Products */;
			projectDirPath = "";
			projectRoot = "";
			targets = (
				B59A44A425FE934100857EB5 /* Forge */,
				B59A44AD25FE934200857EB5 /* ForgeTests */,
			);
		};
/* End PBXProject section */

/* Begin PBXResourcesBuildPhase section */
		B59A44A325FE934100857EB5 /* Resources */ = {
			isa = PBXResourcesBuildPhase;
			buildActionMask = 2147483647;
			files = (
			);
			runOnlyForDeploymentPostprocessing = 0;
		};
		B59A44AC25FE934200857EB5 /* Resources */ = {
			isa = PBXResourcesBuildPhase;
			buildActionMask = 2147483647;
			files = (
			);
			runOnlyForDeploymentPostprocessing = 0;
		};
/* End PBXResourcesBuildPhase section */

/* Begin PBXSourcesBuildPhase section */
		B59A44A125FE934100857EB5 /* Sources */ = {
			isa = PBXSourcesBuildPhase;
			buildActionMask = 2147483647;
			files = (
				B5F2D462262E4E540089403F /* Six.swift in Sources */,
				B5817D97261A19DA0022B805 /* HandRank.swift in Sources */,
				B5F2D442262E39380089403F /* PlayingCardError.swift in Sources */,
				B5F2D46F262E4F210089403F /* Nine.swift in Sources */,
				B556687D26252B0B0045AC2B /* Mechanic.swift in Sources */,
				B5F2D44E262E4AD90089403F /* Ace.swift in Sources */,
				B55668A4262A70250045AC2B /* DoubleRun.swift in Sources */,
				B5817D482618BC7D0022B805 /* Suit.swift in Sources */,
				B5F2D466262E4E960089403F /* Seven.swift in Sources */,
				B556688326252BEC0045AC2B /* Rule.swift in Sources */,
				B5817D4F2618DE4D0022B805 /* PlayingCardRank.swift in Sources */,
				B5817DA2261A27600022B805 /* ArrayExtension.swift in Sources */,
				B597384325FEA93000367598 /* Deck.swift in Sources */,
				B597385A25FEC1CE00367598 /* ElementsError.swift in Sources */,
				B556681626223DB90045AC2B /* Fifteen.swift in Sources */,
				B55668472623EAC20045AC2B /* Technology.swift in Sources */,
				B55668AF262A7A350045AC2B /* TripleRun.swift in Sources */,
				B55668AB262A78390045AC2B /* DoubleDoubleRun.swift in Sources */,
				B556685D2625268D0045AC2B /* Feature.swift in Sources */,
				B5F2D43C262D16340089403F /* FaceCard.swift in Sources */,
				B5817D862619FFD50022B805 /* FeatureError.swift in Sources */,
				B5F2D456262E4D330089403F /* Three.swift in Sources */,
				B5F2D452262E4C660089403F /* Two.swift in Sources */,
				B556684D2623EB150045AC2B /* Component.swift in Sources */,
				B5817D332617D3730022B805 /* Symbol.swift in Sources */,
				B5566869262527FE0045AC2B /* Description.swift in Sources */,
				B5F2D44A262E496E0089403F /* NumeralCard.swift in Sources */,
				B55668352623D29E0045AC2B /* Nobs.swift in Sources */,
				B55668D6262CB8FC0045AC2B /* RewardsError.swift in Sources */,
				B597384925FEAD4100367598 /* Hand.swift in Sources */,
				B55668532623EB690045AC2B /* Resource.swift in Sources */,
				B597383F25FE9E6D00367598 /* Cards.swift in Sources */,
				B5566861262527AC0045AC2B /* Depiction.swift in Sources */,
				B597383325FE958700367598 /* Elements.swift in Sources */,
				B5817D392617E24B0022B805 /* Rank.swift in Sources */,
				B5F2D45A262E4D9E0089403F /* Four.swift in Sources */,
				B5817D9D261A1F7B0022B805 /* Kind.swift in Sources */,
				B55668432623EA130045AC2B /* Tool.swift in Sources */,
				B55668592623EC430045AC2B /* Reward.swift in Sources */,
				B5817D722619482C0022B805 /* PlayingCardDeck.swift in Sources */,
				B5F2D46A262E4ED00089403F /* Eight.swift in Sources */,
				B5F2D45E262E4E180089403F /* Five.swift in Sources */,
				B5F2D477262E4FA00089403F /* Jack.swift in Sources */,
				B55668B3262B57470045AC2B /* RangeError.swift in Sources */,
				B55668702625297E0045AC2B /* Environment.swift in Sources */,
				B5817D79261953CD0022B805 /* PlayingCards.swift in Sources */,
				B5817D2E2617D2E40022B805 /* PlayingCard.swift in Sources */,
				B5566812262238350045AC2B /* Flush.swift in Sources */,
				B5817D552618DE800022B805 /* PlayingCardSuit.swift in Sources */,
				B5F2D473262E4F5C0089403F /* Ten.swift in Sources */,
				B5817DA8261A3E0E0022B805 /* Run.swift in Sources */,
				B597383825FE9D5000367598 /* Card.swift in Sources */,
			);
			runOnlyForDeploymentPostprocessing = 0;
		};
		B59A44AA25FE934200857EB5 /* Sources */ = {
			isa = PBXSourcesBuildPhase;
			buildActionMask = 2147483647;
			files = (
				B556689C262659030045AC2B /* FlushTests.swift in Sources */,
				B55668D2262C88EC0045AC2B /* KindTests.swift in Sources */,
				B55668C4262B929C0045AC2B /* DoubleDoubleRunTests.swift in Sources */,
				B597385625FEB76E00367598 /* HandTests.swift in Sources */,
				B55668C8262B92A30045AC2B /* TripleRunTests.swift in Sources */,
				B556689226252E030045AC2B /* NobsTests.swift in Sources */,
				B556689826253AEA0045AC2B /* FifteenTests.swift in Sources */,
				B55668A026265E160045AC2B /* RunTests.swift in Sources */,
				B597384E25FEB07900367598 /* DeckTests.swift in Sources */,
				B55668BE262B92920045AC2B /* DoubleRunTests.swift in Sources */,
				B5817D642618EE9E0022B805 /* PlayingCardTests.swift in Sources */,
				B5817D90261A12CD0022B805 /* PlayingCardDeckTests.swift in Sources */,
				B597386125FED1B900367598 /* CardTests.swift in Sources */,
			);
			runOnlyForDeploymentPostprocessing = 0;
		};
/* End PBXSourcesBuildPhase section */

/* Begin PBXTargetDependency section */
		B59A44B125FE934200857EB5 /* PBXTargetDependency */ = {
			isa = PBXTargetDependency;
			target = B59A44A425FE934100857EB5 /* Forge */;
			targetProxy = B59A44B025FE934200857EB5 /* PBXContainerItemProxy */;
		};
/* End PBXTargetDependency section */

/* Begin XCBuildConfiguration section */
		B59A44B725FE934200857EB5 /* Debug */ = {
			isa = XCBuildConfiguration;
			buildSettings = {
				ALWAYS_SEARCH_USER_PATHS = NO;
				CLANG_ANALYZER_NONNULL = YES;
				CLANG_ANALYZER_NUMBER_OBJECT_CONVERSION = YES_AGGRESSIVE;
				CLANG_CXX_LANGUAGE_STANDARD = "gnu++14";
				CLANG_CXX_LIBRARY = "libc++";
				CLANG_ENABLE_MODULES = YES;
				CLANG_ENABLE_OBJC_ARC = YES;
				CLANG_ENABLE_OBJC_WEAK = YES;
				CLANG_WARN_BLOCK_CAPTURE_AUTORELEASING = YES;
				CLANG_WARN_BOOL_CONVERSION = YES;
				CLANG_WARN_COMMA = YES;
				CLANG_WARN_CONSTANT_CONVERSION = YES;
				CLANG_WARN_DEPRECATED_OBJC_IMPLEMENTATIONS = YES;
				CLANG_WARN_DIRECT_OBJC_ISA_USAGE = YES_ERROR;
				CLANG_WARN_DOCUMENTATION_COMMENTS = YES;
				CLANG_WARN_EMPTY_BODY = YES;
				CLANG_WARN_ENUM_CONVERSION = YES;
				CLANG_WARN_INFINITE_RECURSION = YES;
				CLANG_WARN_INT_CONVERSION = YES;
				CLANG_WARN_NON_LITERAL_NULL_CONVERSION = YES;
				CLANG_WARN_OBJC_IMPLICIT_RETAIN_SELF = YES;
				CLANG_WARN_OBJC_LITERAL_CONVERSION = YES;
				CLANG_WARN_OBJC_ROOT_CLASS = YES_ERROR;
				CLANG_WARN_QUOTED_INCLUDE_IN_FRAMEWORK_HEADER = YES;
				CLANG_WARN_RANGE_LOOP_ANALYSIS = YES;
				CLANG_WARN_STRICT_PROTOTYPES = YES;
				CLANG_WARN_SUSPICIOUS_MOVE = YES;
				CLANG_WARN_UNGUARDED_AVAILABILITY = YES_AGGRESSIVE;
				CLANG_WARN_UNREACHABLE_CODE = YES;
				CLANG_WARN__DUPLICATE_METHOD_MATCH = YES;
				COPY_PHASE_STRIP = NO;
				CURRENT_PROJECT_VERSION = 1;
				DEBUG_INFORMATION_FORMAT = dwarf;
				ENABLE_STRICT_OBJC_MSGSEND = YES;
				ENABLE_TESTABILITY = YES;
				GCC_C_LANGUAGE_STANDARD = gnu11;
				GCC_DYNAMIC_NO_PIC = NO;
				GCC_NO_COMMON_BLOCKS = YES;
				GCC_OPTIMIZATION_LEVEL = 0;
				GCC_PREPROCESSOR_DEFINITIONS = (
					"DEBUG=1",
					"$(inherited)",
				);
				GCC_WARN_64_TO_32_BIT_CONVERSION = YES;
				GCC_WARN_ABOUT_RETURN_TYPE = YES_ERROR;
				GCC_WARN_UNDECLARED_SELECTOR = YES;
				GCC_WARN_UNINITIALIZED_AUTOS = YES_AGGRESSIVE;
				GCC_WARN_UNUSED_FUNCTION = YES;
				GCC_WARN_UNUSED_VARIABLE = YES;
				IPHONEOS_DEPLOYMENT_TARGET = 14.4;
				MTL_ENABLE_DEBUG_INFO = INCLUDE_SOURCE;
				MTL_FAST_MATH = YES;
				ONLY_ACTIVE_ARCH = YES;
				SDKROOT = macosx;
				SWIFT_ACTIVE_COMPILATION_CONDITIONS = DEBUG;
				SWIFT_OPTIMIZATION_LEVEL = "-Onone";
				VERSIONING_SYSTEM = "apple-generic";
				VERSION_INFO_PREFIX = "";
			};
			name = Debug;
		};
		B59A44B825FE934200857EB5 /* Release */ = {
			isa = XCBuildConfiguration;
			buildSettings = {
				ALWAYS_SEARCH_USER_PATHS = NO;
				CLANG_ANALYZER_NONNULL = YES;
				CLANG_ANALYZER_NUMBER_OBJECT_CONVERSION = YES_AGGRESSIVE;
				CLANG_CXX_LANGUAGE_STANDARD = "gnu++14";
				CLANG_CXX_LIBRARY = "libc++";
				CLANG_ENABLE_MODULES = YES;
				CLANG_ENABLE_OBJC_ARC = YES;
				CLANG_ENABLE_OBJC_WEAK = YES;
				CLANG_WARN_BLOCK_CAPTURE_AUTORELEASING = YES;
				CLANG_WARN_BOOL_CONVERSION = YES;
				CLANG_WARN_COMMA = YES;
				CLANG_WARN_CONSTANT_CONVERSION = YES;
				CLANG_WARN_DEPRECATED_OBJC_IMPLEMENTATIONS = YES;
				CLANG_WARN_DIRECT_OBJC_ISA_USAGE = YES_ERROR;
				CLANG_WARN_DOCUMENTATION_COMMENTS = YES;
				CLANG_WARN_EMPTY_BODY = YES;
				CLANG_WARN_ENUM_CONVERSION = YES;
				CLANG_WARN_INFINITE_RECURSION = YES;
				CLANG_WARN_INT_CONVERSION = YES;
				CLANG_WARN_NON_LITERAL_NULL_CONVERSION = YES;
				CLANG_WARN_OBJC_IMPLICIT_RETAIN_SELF = YES;
				CLANG_WARN_OBJC_LITERAL_CONVERSION = YES;
				CLANG_WARN_OBJC_ROOT_CLASS = YES_ERROR;
				CLANG_WARN_QUOTED_INCLUDE_IN_FRAMEWORK_HEADER = YES;
				CLANG_WARN_RANGE_LOOP_ANALYSIS = YES;
				CLANG_WARN_STRICT_PROTOTYPES = YES;
				CLANG_WARN_SUSPICIOUS_MOVE = YES;
				CLANG_WARN_UNGUARDED_AVAILABILITY = YES_AGGRESSIVE;
				CLANG_WARN_UNREACHABLE_CODE = YES;
				CLANG_WARN__DUPLICATE_METHOD_MATCH = YES;
				COPY_PHASE_STRIP = NO;
				CURRENT_PROJECT_VERSION = 1;
				DEBUG_INFORMATION_FORMAT = "dwarf-with-dsym";
				ENABLE_NS_ASSERTIONS = NO;
				ENABLE_STRICT_OBJC_MSGSEND = YES;
				GCC_C_LANGUAGE_STANDARD = gnu11;
				GCC_NO_COMMON_BLOCKS = YES;
				GCC_WARN_64_TO_32_BIT_CONVERSION = YES;
				GCC_WARN_ABOUT_RETURN_TYPE = YES_ERROR;
				GCC_WARN_UNDECLARED_SELECTOR = YES;
				GCC_WARN_UNINITIALIZED_AUTOS = YES_AGGRESSIVE;
				GCC_WARN_UNUSED_FUNCTION = YES;
				GCC_WARN_UNUSED_VARIABLE = YES;
				IPHONEOS_DEPLOYMENT_TARGET = 14.4;
				MTL_ENABLE_DEBUG_INFO = NO;
				MTL_FAST_MATH = YES;
				SDKROOT = macosx;
				SWIFT_COMPILATION_MODE = wholemodule;
				SWIFT_OPTIMIZATION_LEVEL = "-O";
				VALIDATE_PRODUCT = YES;
				VERSIONING_SYSTEM = "apple-generic";
				VERSION_INFO_PREFIX = "";
			};
			name = Release;
		};
		B59A44BA25FE934200857EB5 /* Debug */ = {
			isa = XCBuildConfiguration;
			buildSettings = {
				CLANG_ENABLE_MODULES = YES;
				CODE_SIGN_STYLE = Automatic;
				DEFINES_MODULE = YES;
				DEVELOPMENT_TEAM = WVA79395E7;
				DYLIB_COMPATIBILITY_VERSION = 1;
				DYLIB_CURRENT_VERSION = 1;
				DYLIB_INSTALL_NAME_BASE = "@rpath";
				INFOPLIST_FILE = Forge/Info.plist;
				INSTALL_PATH = "$(LOCAL_LIBRARY_DIR)/Frameworks";
				LD_RUNPATH_SEARCH_PATHS = (
					"$(inherited)",
					"@executable_path/Frameworks",
					"@loader_path/Frameworks",
				);
				PRODUCT_BUNDLE_IDENTIFIER = TylerJOtte.Forge;
				PRODUCT_NAME = "$(TARGET_NAME:c99extidentifier)";
				SKIP_INSTALL = YES;
				SWIFT_OPTIMIZATION_LEVEL = "-Onone";
				SWIFT_VERSION = 5.0;
				TARGETED_DEVICE_FAMILY = 2;
			};
			name = Debug;
		};
		B59A44BB25FE934200857EB5 /* Release */ = {
			isa = XCBuildConfiguration;
			buildSettings = {
				CLANG_ENABLE_MODULES = YES;
				CODE_SIGN_STYLE = Automatic;
				DEFINES_MODULE = YES;
				DEVELOPMENT_TEAM = WVA79395E7;
				DYLIB_COMPATIBILITY_VERSION = 1;
				DYLIB_CURRENT_VERSION = 1;
				DYLIB_INSTALL_NAME_BASE = "@rpath";
				INFOPLIST_FILE = Forge/Info.plist;
				INSTALL_PATH = "$(LOCAL_LIBRARY_DIR)/Frameworks";
				LD_RUNPATH_SEARCH_PATHS = (
					"$(inherited)",
					"@executable_path/Frameworks",
					"@loader_path/Frameworks",
				);
				PRODUCT_BUNDLE_IDENTIFIER = TylerJOtte.Forge;
				PRODUCT_NAME = "$(TARGET_NAME:c99extidentifier)";
				SKIP_INSTALL = YES;
				SWIFT_VERSION = 5.0;
				TARGETED_DEVICE_FAMILY = 2;
			};
			name = Release;
		};
		B59A44BD25FE934200857EB5 /* Debug */ = {
			isa = XCBuildConfiguration;
			buildSettings = {
				ALWAYS_EMBED_SWIFT_STANDARD_LIBRARIES = YES;
				CODE_SIGN_STYLE = Automatic;
				DEVELOPMENT_TEAM = WVA79395E7;
				INFOPLIST_FILE = ForgeTests/Info.plist;
				LD_RUNPATH_SEARCH_PATHS = (
					"$(inherited)",
					"@executable_path/Frameworks",
					"@loader_path/Frameworks",
				);
				PRODUCT_BUNDLE_IDENTIFIER = TylerJOtte.ForgeTests;
				PRODUCT_NAME = "$(TARGET_NAME)";
				SWIFT_VERSION = 5.0;
				TARGETED_DEVICE_FAMILY = "1,2";
			};
			name = Debug;
		};
		B59A44BE25FE934200857EB5 /* Release */ = {
			isa = XCBuildConfiguration;
			buildSettings = {
				ALWAYS_EMBED_SWIFT_STANDARD_LIBRARIES = YES;
				CODE_SIGN_STYLE = Automatic;
				DEVELOPMENT_TEAM = WVA79395E7;
				INFOPLIST_FILE = ForgeTests/Info.plist;
				LD_RUNPATH_SEARCH_PATHS = (
					"$(inherited)",
					"@executable_path/Frameworks",
					"@loader_path/Frameworks",
				);
				PRODUCT_BUNDLE_IDENTIFIER = TylerJOtte.ForgeTests;
				PRODUCT_NAME = "$(TARGET_NAME)";
				SWIFT_VERSION = 5.0;
				TARGETED_DEVICE_FAMILY = "1,2";
			};
			name = Release;
		};
/* End XCBuildConfiguration section */

/* Begin XCConfigurationList section */
		B59A449F25FE934100857EB5 /* Build configuration list for PBXProject "Forge" */ = {
			isa = XCConfigurationList;
			buildConfigurations = (
				B59A44B725FE934200857EB5 /* Debug */,
				B59A44B825FE934200857EB5 /* Release */,
			);
			defaultConfigurationIsVisible = 0;
			defaultConfigurationName = Release;
		};
		B59A44B925FE934200857EB5 /* Build configuration list for PBXNativeTarget "Forge" */ = {
			isa = XCConfigurationList;
			buildConfigurations = (
				B59A44BA25FE934200857EB5 /* Debug */,
				B59A44BB25FE934200857EB5 /* Release */,
			);
			defaultConfigurationIsVisible = 0;
			defaultConfigurationName = Release;
		};
		B59A44BC25FE934200857EB5 /* Build configuration list for PBXNativeTarget "ForgeTests" */ = {
			isa = XCConfigurationList;
			buildConfigurations = (
				B59A44BD25FE934200857EB5 /* Debug */,
				B59A44BE25FE934200857EB5 /* Release */,
			);
			defaultConfigurationIsVisible = 0;
			defaultConfigurationName = Release;
		};
/* End XCConfigurationList section */
	};
	rootObject = B59A449C25FE934100857EB5 /* Project object */;
}
